// !$*UTF8*$!
{
	archiveVersion = 1;
	classes = {
	};
	objectVersion = 56;
	objects = {

/* Begin PBXBuildFile section */
		A7590BF92B1A4625001E8F20 /* LandmarksApp.swift in Sources */ = {isa = PBXBuildFile; fileRef = A7590BF82B1A4625001E8F20 /* LandmarksApp.swift */; };
		A7590BFB2B1A4625001E8F20 /* ContentView.swift in Sources */ = {isa = PBXBuildFile; fileRef = A7590BFA2B1A4625001E8F20 /* ContentView.swift */; };
		A7590BFD2B1A4626001E8F20 /* Assets.xcassets in Resources */ = {isa = PBXBuildFile; fileRef = A7590BFC2B1A4626001E8F20 /* Assets.xcassets */; };
		A7590C002B1A4626001E8F20 /* Preview Assets.xcassets in Resources */ = {isa = PBXBuildFile; fileRef = A7590BFF2B1A4626001E8F20 /* Preview Assets.xcassets */; };
		A7590C0A2B1A4626001E8F20 /* LandmarksTests.swift in Sources */ = {isa = PBXBuildFile; fileRef = A7590C092B1A4626001E8F20 /* LandmarksTests.swift */; };
		A7590C142B1A4626001E8F20 /* LandmarksUITests.swift in Sources */ = {isa = PBXBuildFile; fileRef = A7590C132B1A4626001E8F20 /* LandmarksUITests.swift */; };
		A7590C162B1A4626001E8F20 /* LandmarksUITestsLaunchTests.swift in Sources */ = {isa = PBXBuildFile; fileRef = A7590C152B1A4626001E8F20 /* LandmarksUITestsLaunchTests.swift */; };
		A767CDE42B20E33300BB6089 /* CircleImage.swift in Sources */ = {isa = PBXBuildFile; fileRef = A767CDE32B20E33300BB6089 /* CircleImage.swift */; };
		A767CDE62B20E45000BB6089 /* MapView.swift in Sources */ = {isa = PBXBuildFile; fileRef = A767CDE52B20E45000BB6089 /* MapView.swift */; };
		A767CDE82B20EBB800BB6089 /* landmarkData.json in Resources */ = {isa = PBXBuildFile; fileRef = A767CDE72B20EBB700BB6089 /* landmarkData.json */; };
		A767CDEA2B20EBEB00BB6089 /* Landmark.swift in Sources */ = {isa = PBXBuildFile; fileRef = A767CDE92B20EBEB00BB6089 /* Landmark.swift */; };
		A767CDEC2B20EDB700BB6089 /* ModelData.swift in Sources */ = {isa = PBXBuildFile; fileRef = A767CDEB2B20EDB700BB6089 /* ModelData.swift */; };
/* End PBXBuildFile section */

/* Begin PBXContainerItemProxy section */
		A7590C062B1A4626001E8F20 /* PBXContainerItemProxy */ = {
			isa = PBXContainerItemProxy;
			containerPortal = A7590BED2B1A4625001E8F20 /* Project object */;
			proxyType = 1;
			remoteGlobalIDString = A7590BF42B1A4625001E8F20;
			remoteInfo = Landmarks;
		};
		A7590C102B1A4626001E8F20 /* PBXContainerItemProxy */ = {
			isa = PBXContainerItemProxy;
			containerPortal = A7590BED2B1A4625001E8F20 /* Project object */;
			proxyType = 1;
			remoteGlobalIDString = A7590BF42B1A4625001E8F20;
			remoteInfo = Landmarks;
		};
/* End PBXContainerItemProxy section */

/* Begin PBXFileReference section */
		A7590BF52B1A4625001E8F20 /* Landmarks.app */ = {isa = PBXFileReference; explicitFileType = wrapper.application; includeInIndex = 0; path = Landmarks.app; sourceTree = BUILT_PRODUCTS_DIR; };
		A7590BF82B1A4625001E8F20 /* LandmarksApp.swift */ = {isa = PBXFileReference; lastKnownFileType = sourcecode.swift; path = LandmarksApp.swift; sourceTree = "<group>"; };
		A7590BFA2B1A4625001E8F20 /* ContentView.swift */ = {isa = PBXFileReference; lastKnownFileType = sourcecode.swift; path = ContentView.swift; sourceTree = "<group>"; };
		A7590BFC2B1A4626001E8F20 /* Assets.xcassets */ = {isa = PBXFileReference; lastKnownFileType = folder.assetcatalog; path = Assets.xcassets; sourceTree = "<group>"; };
		A7590BFF2B1A4626001E8F20 /* Preview Assets.xcassets */ = {isa = PBXFileReference; lastKnownFileType = folder.assetcatalog; path = "Preview Assets.xcassets"; sourceTree = "<group>"; };
		A7590C052B1A4626001E8F20 /* LandmarksTests.xctest */ = {isa = PBXFileReference; explicitFileType = wrapper.cfbundle; includeInIndex = 0; path = LandmarksTests.xctest; sourceTree = BUILT_PRODUCTS_DIR; };
		A7590C092B1A4626001E8F20 /* LandmarksTests.swift */ = {isa = PBXFileReference; lastKnownFileType = sourcecode.swift; path = LandmarksTests.swift; sourceTree = "<group>"; };
		A7590C0F2B1A4626001E8F20 /* LandmarksUITests.xctest */ = {isa = PBXFileReference; explicitFileType = wrapper.cfbundle; includeInIndex = 0; path = LandmarksUITests.xctest; sourceTree = BUILT_PRODUCTS_DIR; };
		A7590C132B1A4626001E8F20 /* LandmarksUITests.swift */ = {isa = PBXFileReference; lastKnownFileType = sourcecode.swift; path = LandmarksUITests.swift; sourceTree = "<group>"; };
		A7590C152B1A4626001E8F20 /* LandmarksUITestsLaunchTests.swift */ = {isa = PBXFileReference; lastKnownFileType = sourcecode.swift; path = LandmarksUITestsLaunchTests.swift; sourceTree = "<group>"; };
		A767CDE32B20E33300BB6089 /* CircleImage.swift */ = {isa = PBXFileReference; lastKnownFileType = sourcecode.swift; path = CircleImage.swift; sourceTree = "<group>"; };
		A767CDE52B20E45000BB6089 /* MapView.swift */ = {isa = PBXFileReference; lastKnownFileType = sourcecode.swift; path = MapView.swift; sourceTree = "<group>"; };
		A767CDE72B20EBB700BB6089 /* landmarkData.json */ = {isa = PBXFileReference; fileEncoding = 4; lastKnownFileType = text.json; name = landmarkData.json; path = "Landmarks/New Group/landmarkData.json"; sourceTree = SOURCE_ROOT; };
		A767CDE92B20EBEB00BB6089 /* Landmark.swift */ = {isa = PBXFileReference; lastKnownFileType = sourcecode.swift; path = Landmark.swift; sourceTree = "<group>"; };
		A767CDEB2B20EDB700BB6089 /* ModelData.swift */ = {isa = PBXFileReference; lastKnownFileType = sourcecode.swift; path = ModelData.swift; sourceTree = "<group>"; };
/* End PBXFileReference section */

/* Begin PBXFrameworksBuildPhase section */
		A7590BF22B1A4625001E8F20 /* Frameworks */ = {
			isa = PBXFrameworksBuildPhase;
			buildActionMask = 2147483647;
			files = (
			);
			runOnlyForDeploymentPostprocessing = 0;
		};
		A7590C022B1A4626001E8F20 /* Frameworks */ = {
			isa = PBXFrameworksBuildPhase;
			buildActionMask = 2147483647;
			files = (
			);
			runOnlyForDeploymentPostprocessing = 0;
		};
		A7590C0C2B1A4626001E8F20 /* Frameworks */ = {
			isa = PBXFrameworksBuildPhase;
			buildActionMask = 2147483647;
			files = (
			);
			runOnlyForDeploymentPostprocessing = 0;
		};
/* End PBXFrameworksBuildPhase section */

/* Begin PBXGroup section */
		A7590BEC2B1A4625001E8F20 = {
			isa = PBXGroup;
			children = (
				A7590BF72B1A4625001E8F20 /* Landmarks */,
				A7590C082B1A4626001E8F20 /* LandmarksTests */,
				A7590C122B1A4626001E8F20 /* LandmarksUITests */,
				A7590BF62B1A4625001E8F20 /* Products */,
			);
			sourceTree = "<group>";
		};
		A7590BF62B1A4625001E8F20 /* Products */ = {
			isa = PBXGroup;
			children = (
				A7590BF52B1A4625001E8F20 /* Landmarks.app */,
				A7590C052B1A4626001E8F20 /* LandmarksTests.xctest */,
				A7590C0F2B1A4626001E8F20 /* LandmarksUITests.xctest */,
			);
			name = Products;
			sourceTree = "<group>";
		};
		A7590BF72B1A4625001E8F20 /* Landmarks */ = {
			isa = PBXGroup;
			children = (
				A767CDED2B20EE3900BB6089 /* Resources  */,
				A767CDEE2B20EE4800BB6089 /* Model */,
				A7590BF82B1A4625001E8F20 /* LandmarksApp.swift */,
				A767CDEF2B20EE7700BB6089 /* Views  */,
				A7590BFC2B1A4626001E8F20 /* Assets.xcassets */,
				A7590BFE2B1A4626001E8F20 /* Preview Content */,
			);
			path = Landmarks;
			sourceTree = "<group>";
		};
		A7590BFE2B1A4626001E8F20 /* Preview Content */ = {
			isa = PBXGroup;
			children = (
				A7590BFF2B1A4626001E8F20 /* Preview Assets.xcassets */,
			);
			path = "Preview Content";
			sourceTree = "<group>";
		};
		A7590C082B1A4626001E8F20 /* LandmarksTests */ = {
			isa = PBXGroup;
			children = (
				A7590C092B1A4626001E8F20 /* LandmarksTests.swift */,
			);
			path = LandmarksTests;
			sourceTree = "<group>";
		};
		A7590C122B1A4626001E8F20 /* LandmarksUITests */ = {
			isa = PBXGroup;
			children = (
				A7590C132B1A4626001E8F20 /* LandmarksUITests.swift */,
				A7590C152B1A4626001E8F20 /* LandmarksUITestsLaunchTests.swift */,
			);
			path = LandmarksUITests;
			sourceTree = "<group>";
		};
		A767CDED2B20EE3900BB6089 /* Resources  */ = {
			isa = PBXGroup;
			children = (
				A767CDE72B20EBB700BB6089 /* landmarkData.json */,
			);
			path = "Resources ";
			sourceTree = "<group>";
		};
		A767CDEE2B20EE4800BB6089 /* Model */ = {
			isa = PBXGroup;
			children = (
				A767CDE92B20EBEB00BB6089 /* Landmark.swift */,
				A767CDEB2B20EDB700BB6089 /* ModelData.swift */,
			);
			path = Model;
			sourceTree = "<group>";
		};
		A767CDEF2B20EE7700BB6089 /* Views  */ = {
			isa = PBXGroup;
			children = (
				A7590BFA2B1A4625001E8F20 /* ContentView.swift */,
				A767CDE32B20E33300BB6089 /* CircleImage.swift */,
				A767CDE52B20E45000BB6089 /* MapView.swift */,
			);
			path = "Views ";
			sourceTree = "<group>";
		};
/* End PBXGroup section */

/* Begin PBXNativeTarget section */
		A7590BF42B1A4625001E8F20 /* Landmarks */ = {
			isa = PBXNativeTarget;
			buildConfigurationList = A7590C192B1A4626001E8F20 /* Build configuration list for PBXNativeTarget "Landmarks" */;
			buildPhases = (
				A7590BF12B1A4625001E8F20 /* Sources */,
				A7590BF22B1A4625001E8F20 /* Frameworks */,
				A7590BF32B1A4625001E8F20 /* Resources */,
			);
			buildRules = (
			);
			dependencies = (
			);
			name = Landmarks;
			productName = Landmarks;
			productReference = A7590BF52B1A4625001E8F20 /* Landmarks.app */;
			productType = "com.apple.product-type.application";
		};
		A7590C042B1A4626001E8F20 /* LandmarksTests */ = {
			isa = PBXNativeTarget;
			buildConfigurationList = A7590C1C2B1A4626001E8F20 /* Build configuration list for PBXNativeTarget "LandmarksTests" */;
			buildPhases = (
				A7590C012B1A4626001E8F20 /* Sources */,
				A7590C022B1A4626001E8F20 /* Frameworks */,
				A7590C032B1A4626001E8F20 /* Resources */,
			);
			buildRules = (
			);
			dependencies = (
				A7590C072B1A4626001E8F20 /* PBXTargetDependency */,
			);
			name = LandmarksTests;
			productName = LandmarksTests;
			productReference = A7590C052B1A4626001E8F20 /* LandmarksTests.xctest */;
			productType = "com.apple.product-type.bundle.unit-test";
		};
		A7590C0E2B1A4626001E8F20 /* LandmarksUITests */ = {
			isa = PBXNativeTarget;
			buildConfigurationList = A7590C1F2B1A4626001E8F20 /* Build configuration list for PBXNativeTarget "LandmarksUITests" */;
			buildPhases = (
				A7590C0B2B1A4626001E8F20 /* Sources */,
				A7590C0C2B1A4626001E8F20 /* Frameworks */,
				A7590C0D2B1A4626001E8F20 /* Resources */,
			);
			buildRules = (
			);
			dependencies = (
				A7590C112B1A4626001E8F20 /* PBXTargetDependency */,
			);
			name = LandmarksUITests;
			productName = LandmarksUITests;
			productReference = A7590C0F2B1A4626001E8F20 /* LandmarksUITests.xctest */;
			productType = "com.apple.product-type.bundle.ui-testing";
		};
/* End PBXNativeTarget section */

/* Begin PBXProject section */
		A7590BED2B1A4625001E8F20 /* Project object */ = {
			isa = PBXProject;
			attributes = {
				BuildIndependentTargetsInParallel = 1;
				LastSwiftUpdateCheck = 1500;
				LastUpgradeCheck = 1500;
				TargetAttributes = {
					A7590BF42B1A4625001E8F20 = {
						CreatedOnToolsVersion = 15.0.1;
					};
					A7590C042B1A4626001E8F20 = {
						CreatedOnToolsVersion = 15.0.1;
						TestTargetID = A7590BF42B1A4625001E8F20;
					};
					A7590C0E2B1A4626001E8F20 = {
						CreatedOnToolsVersion = 15.0.1;
						TestTargetID = A7590BF42B1A4625001E8F20;
					};
				};
			};
			buildConfigurationList = A7590BF02B1A4625001E8F20 /* Build configuration list for PBXProject "Landmarks" */;
			compatibilityVersion = "Xcode 14.0";
			developmentRegion = en;
			hasScannedForEncodings = 0;
			knownRegions = (
				en,
				Base,
			);
			mainGroup = A7590BEC2B1A4625001E8F20;
			productRefGroup = A7590BF62B1A4625001E8F20 /* Products */;
			projectDirPath = "";
			projectRoot = "";
			targets = (
				A7590BF42B1A4625001E8F20 /* Landmarks */,
				A7590C042B1A4626001E8F20 /* LandmarksTests */,
				A7590C0E2B1A4626001E8F20 /* LandmarksUITests */,
			);
		};
/* End PBXProject section */

/* Begin PBXResourcesBuildPhase section */
		A7590BF32B1A4625001E8F20 /* Resources */ = {
			isa = PBXResourcesBuildPhase;
			buildActionMask = 2147483647;
			files = (
				A7590C002B1A4626001E8F20 /* Preview Assets.xcassets in Resources */,
				A7590BFD2B1A4626001E8F20 /* Assets.xcassets in Resources */,
				A767CDE82B20EBB800BB6089 /* landmarkData.json in Resources */,
			);
			runOnlyForDeploymentPostprocessing = 0;
		};
		A7590C032B1A4626001E8F20 /* Resources */ = {
			isa = PBXResourcesBuildPhase;
			buildActionMask = 2147483647;
			files = (
			);
			runOnlyForDeploymentPostprocessing = 0;
		};
		A7590C0D2B1A4626001E8F20 /* Resources */ = {
			isa = PBXResourcesBuildPhase;
			buildActionMask = 2147483647;
			files = (
			);
			runOnlyForDeploymentPostprocessing = 0;
		};
/* End PBXResourcesBuildPhase section */

/* Begin PBXSourcesBuildPhase section */
		A7590BF12B1A4625001E8F20 /* Sources */ = {
			isa = PBXSourcesBuildPhase;
			buildActionMask = 2147483647;
			files = (
				A7590BFB2B1A4625001E8F20 /* ContentView.swift in Sources */,
				A767CDE62B20E45000BB6089 /* MapView.swift in Sources */,
				A7590BF92B1A4625001E8F20 /* LandmarksApp.swift in Sources */,
				A767CDE42B20E33300BB6089 /* CircleImage.swift in Sources */,
				A767CDEA2B20EBEB00BB6089 /* Landmark.swift in Sources */,
				A767CDEC2B20EDB700BB6089 /* ModelData.swift in Sources */,
			);
			runOnlyForDeploymentPostprocessing = 0;
		};
		A7590C012B1A4626001E8F20 /* Sources */ = {
			isa = PBXSourcesBuildPhase;
			buildActionMask = 2147483647;
			files = (
				A7590C0A2B1A4626001E8F20 /* LandmarksTests.swift in Sources */,
			);
			runOnlyForDeploymentPostprocessing = 0;
		};
		A7590C0B2B1A4626001E8F20 /* Sources */ = {
			isa = PBXSourcesBuildPhase;
			buildActionMask = 2147483647;
			files = (
				A7590C162B1A4626001E8F20 /* LandmarksUITestsLaunchTests.swift in Sources */,
				A7590C142B1A4626001E8F20 /* LandmarksUITests.swift in Sources */,
			);
			runOnlyForDeploymentPostprocessing = 0;
		};
/* End PBXSourcesBuildPhase section */

/* Begin PBXTargetDependency section */
		A7590C072B1A4626001E8F20 /* PBXTargetDependency */ = {
			isa = PBXTargetDependency;
			target = A7590BF42B1A4625001E8F20 /* Landmarks */;
			targetProxy = A7590C062B1A4626001E8F20 /* PBXContainerItemProxy */;
		};
		A7590C112B1A4626001E8F20 /* PBXTargetDependency */ = {
			isa = PBXTargetDependency;
			target = A7590BF42B1A4625001E8F20 /* Landmarks */;
			targetProxy = A7590C102B1A4626001E8F20 /* PBXContainerItemProxy */;
		};
/* End PBXTargetDependency section */

/* Begin XCBuildConfiguration section */
		A7590C172B1A4626001E8F20 /* Debug */ = {
			isa = XCBuildConfiguration;
			buildSettings = {
				ALWAYS_SEARCH_USER_PATHS = NO;
				ASSETCATALOG_COMPILER_GENERATE_SWIFT_ASSET_SYMBOL_EXTENSIONS = YES;
				CLANG_ANALYZER_NONNULL = YES;
				CLANG_ANALYZER_NUMBER_OBJECT_CONVERSION = YES_AGGRESSIVE;
				CLANG_CXX_LANGUAGE_STANDARD = "gnu++20";
				CLANG_ENABLE_MODULES = YES;
				CLANG_ENABLE_OBJC_ARC = YES;
				CLANG_ENABLE_OBJC_WEAK = YES;
				CLANG_WARN_BLOCK_CAPTURE_AUTORELEASING = YES;
				CLANG_WARN_BOOL_CONVERSION = YES;
				CLANG_WARN_COMMA = YES;
				CLANG_WARN_CONSTANT_CONVERSION = YES;
				CLANG_WARN_DEPRECATED_OBJC_IMPLEMENTATIONS = YES;
				CLANG_WARN_DIRECT_OBJC_ISA_USAGE = YES_ERROR;
				CLANG_WARN_DOCUMENTATION_COMMENTS = YES;
				CLANG_WARN_EMPTY_BODY = YES;
				CLANG_WARN_ENUM_CONVERSION = YES;
				CLANG_WARN_INFINITE_RECURSION = YES;
				CLANG_WARN_INT_CONVERSION = YES;
				CLANG_WARN_NON_LITERAL_NULL_CONVERSION = YES;
				CLANG_WARN_OBJC_IMPLICIT_RETAIN_SELF = YES;
				CLANG_WARN_OBJC_LITERAL_CONVERSION = YES;
				CLANG_WARN_OBJC_ROOT_CLASS = YES_ERROR;
				CLANG_WARN_QUOTED_INCLUDE_IN_FRAMEWORK_HEADER = YES;
				CLANG_WARN_RANGE_LOOP_ANALYSIS = YES;
				CLANG_WARN_STRICT_PROTOTYPES = YES;
				CLANG_WARN_SUSPICIOUS_MOVE = YES;
				CLANG_WARN_UNGUARDED_AVAILABILITY = YES_AGGRESSIVE;
				CLANG_WARN_UNREACHABLE_CODE = YES;
				CLANG_WARN__DUPLICATE_METHOD_MATCH = YES;
				COPY_PHASE_STRIP = NO;
				DEBUG_INFORMATION_FORMAT = dwarf;
				ENABLE_STRICT_OBJC_MSGSEND = YES;
				ENABLE_TESTABILITY = YES;
				ENABLE_USER_SCRIPT_SANDBOXING = YES;
				GCC_C_LANGUAGE_STANDARD = gnu17;
				GCC_DYNAMIC_NO_PIC = NO;
				GCC_NO_COMMON_BLOCKS = YES;
				GCC_OPTIMIZATION_LEVEL = 0;
				GCC_PREPROCESSOR_DEFINITIONS = (
					"DEBUG=1",
					"$(inherited)",
				);
				GCC_WARN_64_TO_32_BIT_CONVERSION = YES;
				GCC_WARN_ABOUT_RETURN_TYPE = YES_ERROR;
				GCC_WARN_UNDECLARED_SELECTOR = YES;
				GCC_WARN_UNINITIALIZED_AUTOS = YES_AGGRESSIVE;
				GCC_WARN_UNUSED_FUNCTION = YES;
				GCC_WARN_UNUSED_VARIABLE = YES;
				IPHONEOS_DEPLOYMENT_TARGET = 17.0;
				LOCALIZATION_PREFERS_STRING_CATALOGS = YES;
				MTL_ENABLE_DEBUG_INFO = INCLUDE_SOURCE;
				MTL_FAST_MATH = YES;
				ONLY_ACTIVE_ARCH = YES;
				SDKROOT = iphoneos;
				SWIFT_ACTIVE_COMPILATION_CONDITIONS = "DEBUG $(inherited)";
				SWIFT_OPTIMIZATION_LEVEL = "-Onone";
			};
			name = Debug;
		};
		A7590C182B1A4626001E8F20 /* Release */ = {
			isa = XCBuildConfiguration;
			buildSettings = {
				ALWAYS_SEARCH_USER_PATHS = NO;
				ASSETCATALOG_COMPILER_GENERATE_SWIFT_ASSET_SYMBOL_EXTENSIONS = YES;
				CLANG_ANALYZER_NONNULL = YES;
				CLANG_ANALYZER_NUMBER_OBJECT_CONVERSION = YES_AGGRESSIVE;
				CLANG_CXX_LANGUAGE_STANDARD = "gnu++20";
				CLANG_ENABLE_MODULES = YES;
				CLANG_ENABLE_OBJC_ARC = YES;
				CLANG_ENABLE_OBJC_WEAK = YES;
				CLANG_WARN_BLOCK_CAPTURE_AUTORELEASING = YES;
				CLANG_WARN_BOOL_CONVERSION = YES;
				CLANG_WARN_COMMA = YES;
				CLANG_WARN_CONSTANT_CONVERSION = YES;
				CLANG_WARN_DEPRECATED_OBJC_IMPLEMENTATIONS = YES;
				CLANG_WARN_DIRECT_OBJC_ISA_USAGE = YES_ERROR;
				CLANG_WARN_DOCUMENTATION_COMMENTS = YES;
				CLANG_WARN_EMPTY_BODY = YES;
				CLANG_WARN_ENUM_CONVERSION = YES;
				CLANG_WARN_INFINITE_RECURSION = YES;
				CLANG_WARN_INT_CONVERSION = YES;
				CLANG_WARN_NON_LITERAL_NULL_CONVERSION = YES;
				CLANG_WARN_OBJC_IMPLICIT_RETAIN_SELF = YES;
				CLANG_WARN_OBJC_LITERAL_CONVERSION = YES;
				CLANG_WARN_OBJC_ROOT_CLASS = YES_ERROR;
				CLANG_WARN_QUOTED_INCLUDE_IN_FRAMEWORK_HEADER = YES;
				CLANG_WARN_RANGE_LOOP_ANALYSIS = YES;
				CLANG_WARN_STRICT_PROTOTYPES = YES;
				CLANG_WARN_SUSPICIOUS_MOVE = YES;
				CLANG_WARN_UNGUARDED_AVAILABILITY = YES_AGGRESSIVE;
				CLANG_WARN_UNREACHABLE_CODE = YES;
				CLANG_WARN__DUPLICATE_METHOD_MATCH = YES;
				COPY_PHASE_STRIP = NO;
				DEBUG_INFORMATION_FORMAT = "dwarf-with-dsym";
				ENABLE_NS_ASSERTIONS = NO;
				ENABLE_STRICT_OBJC_MSGSEND = YES;
				ENABLE_USER_SCRIPT_SANDBOXING = YES;
				GCC_C_LANGUAGE_STANDARD = gnu17;
				GCC_NO_COMMON_BLOCKS = YES;
				GCC_WARN_64_TO_32_BIT_CONVERSION = YES;
				GCC_WARN_ABOUT_RETURN_TYPE = YES_ERROR;
				GCC_WARN_UNDECLARED_SELECTOR = YES;
				GCC_WARN_UNINITIALIZED_AUTOS = YES_AGGRESSIVE;
				GCC_WARN_UNUSED_FUNCTION = YES;
				GCC_WARN_UNUSED_VARIABLE = YES;
				IPHONEOS_DEPLOYMENT_TARGET = 17.0;
				LOCALIZATION_PREFERS_STRING_CATALOGS = YES;
				MTL_ENABLE_DEBUG_INFO = NO;
				MTL_FAST_MATH = YES;
				SDKROOT = iphoneos;
				SWIFT_COMPILATION_MODE = wholemodule;
				VALIDATE_PRODUCT = YES;
			};
			name = Release;
		};
		A7590C1A2B1A4626001E8F20 /* Debug */ = {
			isa = XCBuildConfiguration;
			buildSettings = {
				ASSETCATALOG_COMPILER_APPICON_NAME = AppIcon;
				ASSETCATALOG_COMPILER_GLOBAL_ACCENT_COLOR_NAME = AccentColor;
				CODE_SIGN_STYLE = Automatic;
				CURRENT_PROJECT_VERSION = 1;
				DEVELOPMENT_ASSET_PATHS = "\"Landmarks/Preview Content\"";
				DEVELOPMENT_TEAM = B49F7B27B2;
				ENABLE_PREVIEWS = YES;
				GENERATE_INFOPLIST_FILE = YES;
				INFOPLIST_KEY_UIApplicationSceneManifest_Generation = YES;
				INFOPLIST_KEY_UIApplicationSupportsIndirectInputEvents = YES;
				INFOPLIST_KEY_UILaunchScreen_Generation = YES;
				INFOPLIST_KEY_UISupportedInterfaceOrientations_iPad = "UIInterfaceOrientationPortrait UIInterfaceOrientationPortraitUpsideDown UIInterfaceOrientationLandscapeLeft UIInterfaceOrientationLandscapeRight";
				INFOPLIST_KEY_UISupportedInterfaceOrientations_iPhone = "UIInterfaceOrientationPortrait UIInterfaceOrientationLandscapeLeft UIInterfaceOrientationLandscapeRight";
				LD_RUNPATH_SEARCH_PATHS = (
					"$(inherited)",
					"@executable_path/Frameworks",
				);
				MARKETING_VERSION = 1.0;
				PRODUCT_BUNDLE_IDENTIFIER = swift.Landmarks;
				PRODUCT_NAME = "$(TARGET_NAME)";
				SWIFT_EMIT_LOC_STRINGS = YES;
				SWIFT_VERSION = 5.0;
				TARGETED_DEVICE_FAMILY = "1,2";
			};
			name = Debug;
		};
		A7590C1B2B1A4626001E8F20 /* Release */ = {
			isa = XCBuildConfiguration;
			buildSettings = {
				ASSETCATALOG_COMPILER_APPICON_NAME = AppIcon;
				ASSETCATALOG_COMPILER_GLOBAL_ACCENT_COLOR_NAME = AccentColor;
				CODE_SIGN_STYLE = Automatic;
				CURRENT_PROJECT_VERSION = 1;
				DEVELOPMENT_ASSET_PATHS = "\"Landmarks/Preview Content\"";
				DEVELOPMENT_TEAM = B49F7B27B2;
				ENABLE_PREVIEWS = YES;
				GENERATE_INFOPLIST_FILE = YES;
				INFOPLIST_KEY_UIApplicationSceneManifest_Generation = YES;
				INFOPLIST_KEY_UIApplicationSupportsIndirectInputEvents = YES;
				INFOPLIST_KEY_UILaunchScreen_Generation = YES;
				INFOPLIST_KEY_UISupportedInterfaceOrientations_iPad = "UIInterfaceOrientationPortrait UIInterfaceOrientationPortraitUpsideDown UIInterfaceOrientationLandscapeLeft UIInterfaceOrientationLandscapeRight";
				INFOPLIST_KEY_UISupportedInterfaceOrientations_iPhone = "UIInterfaceOrientationPortrait UIInterfaceOrientationLandscapeLeft UIInterfaceOrientationLandscapeRight";
				LD_RUNPATH_SEARCH_PATHS = (
					"$(inherited)",
					"@executable_path/Frameworks",
				);
				MARKETING_VERSION = 1.0;
				PRODUCT_BUNDLE_IDENTIFIER = swift.Landmarks;
				PRODUCT_NAME = "$(TARGET_NAME)";
				SWIFT_EMIT_LOC_STRINGS = YES;
				SWIFT_VERSION = 5.0;
				TARGETED_DEVICE_FAMILY = "1,2";
			};
			name = Release;
		};
		A7590C1D2B1A4626001E8F20 /* Debug */ = {
			isa = XCBuildConfiguration;
			buildSettings = {
				ALWAYS_EMBED_SWIFT_STANDARD_LIBRARIES = YES;
				BUNDLE_LOADER = "$(TEST_HOST)";
				CODE_SIGN_STYLE = Automatic;
				CURRENT_PROJECT_VERSION = 1;
				DEVELOPMENT_TEAM = B49F7B27B2;
				GENERATE_INFOPLIST_FILE = YES;
				IPHONEOS_DEPLOYMENT_TARGET = 17.0;
				MARKETING_VERSION = 1.0;
				PRODUCT_BUNDLE_IDENTIFIER = swift.LandmarksTests;
				PRODUCT_NAME = "$(TARGET_NAME)";
				SWIFT_EMIT_LOC_STRINGS = NO;
				SWIFT_VERSION = 5.0;
				TARGETED_DEVICE_FAMILY = "1,2";
				TEST_HOST = "$(BUILT_PRODUCTS_DIR)/Landmarks.app/$(BUNDLE_EXECUTABLE_FOLDER_PATH)/Landmarks";
			};
			name = Debug;
		};
		A7590C1E2B1A4626001E8F20 /* Release */ = {
			isa = XCBuildConfiguration;
			buildSettings = {
				ALWAYS_EMBED_SWIFT_STANDARD_LIBRARIES = YES;
				BUNDLE_LOADER = "$(TEST_HOST)";
				CODE_SIGN_STYLE = Automatic;
				CURRENT_PROJECT_VERSION = 1;
				DEVELOPMENT_TEAM = B49F7B27B2;
				GENERATE_INFOPLIST_FILE = YES;
				IPHONEOS_DEPLOYMENT_TARGET = 17.0;
				MARKETING_VERSION = 1.0;
				PRODUCT_BUNDLE_IDENTIFIER = swift.LandmarksTests;
				PRODUCT_NAME = "$(TARGET_NAME)";
				SWIFT_EMIT_LOC_STRINGS = NO;
				SWIFT_VERSION = 5.0;
				TARGETED_DEVICE_FAMILY = "1,2";
				TEST_HOST = "$(BUILT_PRODUCTS_DIR)/Landmarks.app/$(BUNDLE_EXECUTABLE_FOLDER_PATH)/Landmarks";
			};
			name = Release;
		};
		A7590C202B1A4626001E8F20 /* Debug */ = {
			isa = XCBuildConfiguration;
			buildSettings = {
				ALWAYS_EMBED_SWIFT_STANDARD_LIBRARIES = YES;
				CODE_SIGN_STYLE = Automatic;
				CURRENT_PROJECT_VERSION = 1;
				DEVELOPMENT_TEAM = B49F7B27B2;
				GENERATE_INFOPLIST_FILE = YES;
				MARKETING_VERSION = 1.0;
				PRODUCT_BUNDLE_IDENTIFIER = swift.LandmarksUITests;
				PRODUCT_NAME = "$(TARGET_NAME)";
				SWIFT_EMIT_LOC_STRINGS = NO;
				SWIFT_VERSION = 5.0;
				TARGETED_DEVICE_FAMILY = "1,2";
				TEST_TARGET_NAME = Landmarks;
			};
			name = Debug;
		};
		A7590C212B1A4626001E8F20 /* Release */ = {
			isa = XCBuildConfiguration;
			buildSettings = {
				ALWAYS_EMBED_SWIFT_STANDARD_LIBRARIES = YES;
				CODE_SIGN_STYLE = Automatic;
				CURRENT_PROJECT_VERSION = 1;
				DEVELOPMENT_TEAM = B49F7B27B2;
				GENERATE_INFOPLIST_FILE = YES;
				MARKETING_VERSION = 1.0;
				PRODUCT_BUNDLE_IDENTIFIER = swift.LandmarksUITests;
				PRODUCT_NAME = "$(TARGET_NAME)";
				SWIFT_EMIT_LOC_STRINGS = NO;
				SWIFT_VERSION = 5.0;
				TARGETED_DEVICE_FAMILY = "1,2";
				TEST_TARGET_NAME = Landmarks;
			};
			name = Release;
		};
/* End XCBuildConfiguration section */

/* Begin XCConfigurationList section */
		A7590BF02B1A4625001E8F20 /* Build configuration list for PBXProject "Landmarks" */ = {
			isa = XCConfigurationList;
			buildConfigurations = (
				A7590C172B1A4626001E8F20 /* Debug */,
				A7590C182B1A4626001E8F20 /* Release */,
			);
			defaultConfigurationIsVisible = 0;
			defaultConfigurationName = Release;
		};
		A7590C192B1A4626001E8F20 /* Build configuration list for PBXNativeTarget "Landmarks" */ = {
			isa = XCConfigurationList;
			buildConfigurations = (
				A7590C1A2B1A4626001E8F20 /* Debug */,
				A7590C1B2B1A4626001E8F20 /* Release */,
			);
			defaultConfigurationIsVisible = 0;
			defaultConfigurationName = Release;
		};
		A7590C1C2B1A4626001E8F20 /* Build configuration list for PBXNativeTarget "LandmarksTests" */ = {
			isa = XCConfigurationList;
			buildConfigurations = (
				A7590C1D2B1A4626001E8F20 /* Debug */,
				A7590C1E2B1A4626001E8F20 /* Release */,
			);
			defaultConfigurationIsVisible = 0;
			defaultConfigurationName = Release;
		};
		A7590C1F2B1A4626001E8F20 /* Build configuration list for PBXNativeTarget "LandmarksUITests" */ = {
			isa = XCConfigurationList;
			buildConfigurations = (
				A7590C202B1A4626001E8F20 /* Debug */,
				A7590C212B1A4626001E8F20 /* Release */,
			);
			defaultConfigurationIsVisible = 0;
			defaultConfigurationName = Release;
		};
/* End XCConfigurationList section */
	};
	rootObject = A7590BED2B1A4625001E8F20 /* Project object */;
}
